// !$*UTF8*$!
{
	archiveVersion = 1;
	classes = {
	};
	objectVersion = 48;
	objects = {

/* Begin PBXBuildFile section */
		0EB3718BCF70F222485EFA23 /* Pods_Todo.framework in Frameworks */ = {isa = PBXBuildFile; fileRef = 549833909C29AE35A5392536 /* Pods_Todo.framework */; };
		6DAA83F3203979130034FEAA /* Item.swift in Sources */ = {isa = PBXBuildFile; fileRef = 6DAA83F2203979130034FEAA /* Item.swift */; };
		6DAA83F5203979220034FEAA /* Category.swift in Sources */ = {isa = PBXBuildFile; fileRef = 6DAA83F4203979220034FEAA /* Category.swift */; };
		DE6AA0A52038080400725296 /* CategoryViewController.swift in Sources */ = {isa = PBXBuildFile; fileRef = DE6AA0A42038080400725296 /* CategoryViewController.swift */; };
		DE9A4F7120321CFB0095B6BD /* AppDelegate.swift in Sources */ = {isa = PBXBuildFile; fileRef = DE9A4F7020321CFB0095B6BD /* AppDelegate.swift */; };
		DE9A4F7320321CFB0095B6BD /* TodoListViewController.swift in Sources */ = {isa = PBXBuildFile; fileRef = DE9A4F7220321CFB0095B6BD /* TodoListViewController.swift */; };
		DE9A4F7620321CFB0095B6BD /* Main.storyboard in Resources */ = {isa = PBXBuildFile; fileRef = DE9A4F7420321CFB0095B6BD /* Main.storyboard */; };
		DE9A4F7820321CFB0095B6BD /* Assets.xcassets in Resources */ = {isa = PBXBuildFile; fileRef = DE9A4F7720321CFB0095B6BD /* Assets.xcassets */; };
		DE9A4F7B20321CFB0095B6BD /* LaunchScreen.storyboard in Resources */ = {isa = PBXBuildFile; fileRef = DE9A4F7920321CFB0095B6BD /* LaunchScreen.storyboard */; };
/* End PBXBuildFile section */

/* Begin PBXFileReference section */
		549833909C29AE35A5392536 /* Pods_Todo.framework */ = {isa = PBXFileReference; explicitFileType = wrapper.framework; includeInIndex = 0; path = Pods_Todo.framework; sourceTree = BUILT_PRODUCTS_DIR; };
		6DAA83F2203979130034FEAA /* Item.swift */ = {isa = PBXFileReference; lastKnownFileType = sourcecode.swift; path = Item.swift; sourceTree = "<group>"; };
		6DAA83F4203979220034FEAA /* Category.swift */ = {isa = PBXFileReference; lastKnownFileType = sourcecode.swift; path = Category.swift; sourceTree = "<group>"; };
		A311806BBEC3E06F23D7FCDF /* Pods-Todo.release.xcconfig */ = {isa = PBXFileReference; includeInIndex = 1; lastKnownFileType = text.xcconfig; name = "Pods-Todo.release.xcconfig"; path = "Pods/Target Support Files/Pods-Todo/Pods-Todo.release.xcconfig"; sourceTree = "<group>"; };
		B3E549E040C996C919D5FDF5 /* Pods-Todo.debug.xcconfig */ = {isa = PBXFileReference; includeInIndex = 1; lastKnownFileType = text.xcconfig; name = "Pods-Todo.debug.xcconfig"; path = "Pods/Target Support Files/Pods-Todo/Pods-Todo.debug.xcconfig"; sourceTree = "<group>"; };
		DE6AA0A42038080400725296 /* CategoryViewController.swift */ = {isa = PBXFileReference; lastKnownFileType = sourcecode.swift; path = CategoryViewController.swift; sourceTree = "<group>"; };
		DE9A4F6D20321CFB0095B6BD /* Todo.app */ = {isa = PBXFileReference; explicitFileType = wrapper.application; includeInIndex = 0; path = Todo.app; sourceTree = BUILT_PRODUCTS_DIR; };
		DE9A4F7020321CFB0095B6BD /* AppDelegate.swift */ = {isa = PBXFileReference; lastKnownFileType = sourcecode.swift; path = AppDelegate.swift; sourceTree = "<group>"; };
		DE9A4F7220321CFB0095B6BD /* TodoListViewController.swift */ = {isa = PBXFileReference; lastKnownFileType = sourcecode.swift; path = TodoListViewController.swift; sourceTree = "<group>"; };
		DE9A4F7520321CFB0095B6BD /* Base */ = {isa = PBXFileReference; lastKnownFileType = file.storyboard; name = Base; path = Base.lproj/Main.storyboard; sourceTree = "<group>"; };
		DE9A4F7720321CFB0095B6BD /* Assets.xcassets */ = {isa = PBXFileReference; lastKnownFileType = folder.assetcatalog; path = Assets.xcassets; sourceTree = "<group>"; };
		DE9A4F7A20321CFB0095B6BD /* Base */ = {isa = PBXFileReference; lastKnownFileType = file.storyboard; name = Base; path = Base.lproj/LaunchScreen.storyboard; sourceTree = "<group>"; };
		DE9A4F7C20321CFB0095B6BD /* Info.plist */ = {isa = PBXFileReference; lastKnownFileType = text.plist.xml; path = Info.plist; sourceTree = "<group>"; };
/* End PBXFileReference section */

/* Begin PBXFrameworksBuildPhase section */
		DE9A4F6A20321CFB0095B6BD /* Frameworks */ = {
			isa = PBXFrameworksBuildPhase;
			buildActionMask = 2147483647;
			files = (
				0EB3718BCF70F222485EFA23 /* Pods_Todo.framework in Frameworks */,
			);
			runOnlyForDeploymentPostprocessing = 0;
		};
/* End PBXFrameworksBuildPhase section */

/* Begin PBXGroup section */
		6D241795203431C800ECC368 /* Data model */ = {
			isa = PBXGroup;
			children = (
				6DAA83F2203979130034FEAA /* Item.swift */,
				6DAA83F4203979220034FEAA /* Category.swift */,
			);
			path = "Data model";
			sourceTree = "<group>";
		};
		6D241796203431DD00ECC368 /* Controler */ = {
			isa = PBXGroup;
			children = (
				DE6AA0A42038080400725296 /* CategoryViewController.swift */,
				DE9A4F7220321CFB0095B6BD /* TodoListViewController.swift */,
			);
			path = Controler;
			sourceTree = "<group>";
		};
		6D2417972034320400ECC368 /* View */ = {
			isa = PBXGroup;
			children = (
				DE9A4F7420321CFB0095B6BD /* Main.storyboard */,
			);
			path = View;
			sourceTree = "<group>";
		};
		6D2417982034326C00ECC368 /* Supporting files */ = {
			isa = PBXGroup;
			children = (
				DE9A4F7720321CFB0095B6BD /* Assets.xcassets */,
				DE9A4F7920321CFB0095B6BD /* LaunchScreen.storyboard */,
			);
			path = "Supporting files";
			sourceTree = "<group>";
		};
		7BD83F4E07A057613E451094 /* Frameworks */ = {
			isa = PBXGroup;
			children = (
				549833909C29AE35A5392536 /* Pods_Todo.framework */,
			);
			name = Frameworks;
			sourceTree = "<group>";
		};
		938E6282BF6DFDB5EF29BDB4 /* Pods */ = {
			isa = PBXGroup;
			children = (
				B3E549E040C996C919D5FDF5 /* Pods-Todo.debug.xcconfig */,
				A311806BBEC3E06F23D7FCDF /* Pods-Todo.release.xcconfig */,
			);
			name = Pods;
			sourceTree = "<group>";
		};
		DE9A4F6420321CFB0095B6BD = {
			isa = PBXGroup;
			children = (
				DE9A4F6F20321CFB0095B6BD /* Todo */,
				DE9A4F6E20321CFB0095B6BD /* Products */,
				938E6282BF6DFDB5EF29BDB4 /* Pods */,
				7BD83F4E07A057613E451094 /* Frameworks */,
			);
			sourceTree = "<group>";
		};
		DE9A4F6E20321CFB0095B6BD /* Products */ = {
			isa = PBXGroup;
			children = (
				DE9A4F6D20321CFB0095B6BD /* Todo.app */,
			);
			name = Products;
			sourceTree = "<group>";
		};
		DE9A4F6F20321CFB0095B6BD /* Todo */ = {
			isa = PBXGroup;
			children = (
				DE9A4F7020321CFB0095B6BD /* AppDelegate.swift */,
				6D241796203431DD00ECC368 /* Controler */,
				6D2417972034320400ECC368 /* View */,
				6D2417982034326C00ECC368 /* Supporting files */,
				DE9A4F7C20321CFB0095B6BD /* Info.plist */,
				6D241795203431C800ECC368 /* Data model */,
			);
			path = Todo;
			sourceTree = "<group>";
		};
/* End PBXGroup section */

/* Begin PBXNativeTarget section */
		DE9A4F6C20321CFB0095B6BD /* Todo */ = {
			isa = PBXNativeTarget;
			buildConfigurationList = DE9A4F7F20321CFB0095B6BD /* Build configuration list for PBXNativeTarget "Todo" */;
			buildPhases = (
				AF0E53C6E75132D59B146D7D /* [CP] Check Pods Manifest.lock */,
				DE9A4F6920321CFB0095B6BD /* Sources */,
				DE9A4F6A20321CFB0095B6BD /* Frameworks */,
				DE9A4F6B20321CFB0095B6BD /* Resources */,
				61B6C37825FFB1B1CF069054 /* [CP] Embed Pods Frameworks */,
				BA56C8975A4B6ACC5018DDCD /* [CP] Copy Pods Resources */,
			);
			buildRules = (
			);
			dependencies = (
			);
			name = Todo;
			productName = Todo;
			productReference = DE9A4F6D20321CFB0095B6BD /* Todo.app */;
			productType = "com.apple.product-type.application";
		};
/* End PBXNativeTarget section */

/* Begin PBXProject section */
		DE9A4F6520321CFB0095B6BD /* Project object */ = {
			isa = PBXProject;
			attributes = {
				LastSwiftUpdateCheck = 0920;
				LastUpgradeCheck = 0920;
				ORGANIZATIONNAME = "Alexei Dudarev";
				TargetAttributes = {
					DE9A4F6C20321CFB0095B6BD = {
						CreatedOnToolsVersion = 9.2;
						ProvisioningStyle = Automatic;
					};
				};
			};
			buildConfigurationList = DE9A4F6820321CFB0095B6BD /* Build configuration list for PBXProject "Todo" */;
			compatibilityVersion = "Xcode 8.0";
			developmentRegion = en;
			hasScannedForEncodings = 0;
			knownRegions = (
				en,
				Base,
			);
			mainGroup = DE9A4F6420321CFB0095B6BD;
			productRefGroup = DE9A4F6E20321CFB0095B6BD /* Products */;
			projectDirPath = "";
			projectRoot = "";
			targets = (
				DE9A4F6C20321CFB0095B6BD /* Todo */,
			);
		};
/* End PBXProject section */

/* Begin PBXResourcesBuildPhase section */
		DE9A4F6B20321CFB0095B6BD /* Resources */ = {
			isa = PBXResourcesBuildPhase;
			buildActionMask = 2147483647;
			files = (
				DE9A4F7B20321CFB0095B6BD /* LaunchScreen.storyboard in Resources */,
				DE9A4F7820321CFB0095B6BD /* Assets.xcassets in Resources */,
				DE9A4F7620321CFB0095B6BD /* Main.storyboard in Resources */,
			);
			runOnlyForDeploymentPostprocessing = 0;
		};
/* End PBXResourcesBuildPhase section */

/* Begin PBXShellScriptBuildPhase section */
		61B6C37825FFB1B1CF069054 /* [CP] Embed Pods Frameworks */ = {
			isa = PBXShellScriptBuildPhase;
			buildActionMask = 2147483647;
			files = (
			);
			inputPaths = (
				"${SRCROOT}/Pods/Target Support Files/Pods-Todo/Pods-Todo-frameworks.sh",
				"${BUILT_PRODUCTS_DIR}/Realm/Realm.framework",
				"${BUILT_PRODUCTS_DIR}/RealmSwift/RealmSwift.framework",
			);
			name = "[CP] Embed Pods Frameworks";
			outputPaths = (
				"${TARGET_BUILD_DIR}/${FRAMEWORKS_FOLDER_PATH}/Realm.framework",
				"${TARGET_BUILD_DIR}/${FRAMEWORKS_FOLDER_PATH}/RealmSwift.framework",
			);
			runOnlyForDeploymentPostprocessing = 0;
			shellPath = /bin/sh;
			shellScript = "\"${SRCROOT}/Pods/Target Support Files/Pods-Todo/Pods-Todo-frameworks.sh\"\n";
			showEnvVarsInLog = 0;
		};
		AF0E53C6E75132D59B146D7D /* [CP] Check Pods Manifest.lock */ = {
			isa = PBXShellScriptBuildPhase;
			buildActionMask = 2147483647;
			files = (
			);
			inputPaths = (
				"${PODS_PODFILE_DIR_PATH}/Podfile.lock",
				"${PODS_ROOT}/Manifest.lock",
			);
			name = "[CP] Check Pods Manifest.lock";
			outputPaths = (
				"$(DERIVED_FILE_DIR)/Pods-Todo-checkManifestLockResult.txt",
			);
			runOnlyForDeploymentPostprocessing = 0;
			shellPath = /bin/sh;
			shellScript = "diff \"${PODS_PODFILE_DIR_PATH}/Podfile.lock\" \"${PODS_ROOT}/Manifest.lock\" > /dev/null\nif [ $? != 0 ] ; then\n    # print error to STDERR\n    echo \"error: The sandbox is not in sync with the Podfile.lock. Run 'pod install' or update your CocoaPods installation.\" >&2\n    exit 1\nfi\n# This output is used by Xcode 'outputs' to avoid re-running this script phase.\necho \"SUCCESS\" > \"${SCRIPT_OUTPUT_FILE_0}\"\n";
			showEnvVarsInLog = 0;
		};
		BA56C8975A4B6ACC5018DDCD /* [CP] Copy Pods Resources */ = {
			isa = PBXShellScriptBuildPhase;
			buildActionMask = 2147483647;
			files = (
			);
			inputPaths = (
			);
			name = "[CP] Copy Pods Resources";
			outputPaths = (
			);
			runOnlyForDeploymentPostprocessing = 0;
			shellPath = /bin/sh;
			shellScript = "\"${SRCROOT}/Pods/Target Support Files/Pods-Todo/Pods-Todo-resources.sh\"\n";
			showEnvVarsInLog = 0;
		};
/* End PBXShellScriptBuildPhase section */

/* Begin PBXSourcesBuildPhase section */
		DE9A4F6920321CFB0095B6BD /* Sources */ = {
			isa = PBXSourcesBuildPhase;
			buildActionMask = 2147483647;
			files = (
				6DAA83F3203979130034FEAA /* Item.swift in Sources */,
				DE6AA0A52038080400725296 /* CategoryViewController.swift in Sources */,
				DE9A4F7320321CFB0095B6BD /* TodoListViewController.swift in Sources */,
				DE9A4F7120321CFB0095B6BD /* AppDelegate.swift in Sources */,
				6DAA83F5203979220034FEAA /* Category.swift in Sources */,
			);
			runOnlyForDeploymentPostprocessing = 0;
		};
/* End PBXSourcesBuildPhase section */

/* Begin PBXVariantGroup section */
		DE9A4F7420321CFB0095B6BD /* Main.storyboard */ = {
			isa = PBXVariantGroup;
			children = (
				DE9A4F7520321CFB0095B6BD /* Base */,
			);
			name = Main.storyboard;
			sourceTree = "<group>";
		};
		DE9A4F7920321CFB0095B6BD /* LaunchScreen.storyboard */ = {
			isa = PBXVariantGroup;
			children = (
				DE9A4F7A20321CFB0095B6BD /* Base */,
			);
			name = LaunchScreen.storyboard;
			sourceTree = "<group>";
		};
/* End PBXVariantGroup section */

/* Begin XCBuildConfiguration section */
		DE9A4F7D20321CFB0095B6BD /* Debug */ = {
			isa = XCBuildConfiguration;
			buildSettings = {
				ALWAYS_SEARCH_USER_PATHS = NO;
				CLANG_ANALYZER_NONNULL = YES;
				CLANG_ANALYZER_NUMBER_OBJECT_CONVERSION = YES_AGGRESSIVE;
				CLANG_CXX_LANGUAGE_STANDARD = "gnu++14";
				CLANG_CXX_LIBRARY = "libc++";
				CLANG_ENABLE_MODULES = YES;
				CLANG_ENABLE_OBJC_ARC = YES;
				CLANG_WARN_BLOCK_CAPTURE_AUTORELEASING = YES;
				CLANG_WARN_BOOL_CONVERSION = YES;
				CLANG_WARN_COMMA = YES;
				CLANG_WARN_CONSTANT_CONVERSION = YES;
				CLANG_WARN_DIRECT_OBJC_ISA_USAGE = YES_ERROR;
				CLANG_WARN_DOCUMENTATION_COMMENTS = YES;
				CLANG_WARN_EMPTY_BODY = YES;
				CLANG_WARN_ENUM_CONVERSION = YES;
				CLANG_WARN_INFINITE_RECURSION = YES;
				CLANG_WARN_INT_CONVERSION = YES;
				CLANG_WARN_NON_LITERAL_NULL_CONVERSION = YES;
				CLANG_WARN_OBJC_LITERAL_CONVERSION = YES;
				CLANG_WARN_OBJC_ROOT_CLASS = YES_ERROR;
				CLANG_WARN_RANGE_LOOP_ANALYSIS = YES;
				CLANG_WARN_STRICT_PROTOTYPES = YES;
				CLANG_WARN_SUSPICIOUS_MOVE = YES;
				CLANG_WARN_UNGUARDED_AVAILABILITY = YES_AGGRESSIVE;
				CLANG_WARN_UNREACHABLE_CODE = YES;
				CLANG_WARN__DUPLICATE_METHOD_MATCH = YES;
				CODE_SIGN_IDENTITY = "iPhone Developer";
				COPY_PHASE_STRIP = NO;
				DEBUG_INFORMATION_FORMAT = dwarf;
				ENABLE_STRICT_OBJC_MSGSEND = YES;
				ENABLE_TESTABILITY = YES;
				GCC_C_LANGUAGE_STANDARD = gnu11;
				GCC_DYNAMIC_NO_PIC = NO;
				GCC_NO_COMMON_BLOCKS = YES;
				GCC_OPTIMIZATION_LEVEL = 0;
				GCC_PREPROCESSOR_DEFINITIONS = (
					"DEBUG=1",
					"$(inherited)",
				);
				GCC_WARN_64_TO_32_BIT_CONVERSION = YES;
				GCC_WARN_ABOUT_RETURN_TYPE = YES_ERROR;
				GCC_WARN_UNDECLARED_SELECTOR = YES;
				GCC_WARN_UNINITIALIZED_AUTOS = YES_AGGRESSIVE;
				GCC_WARN_UNUSED_FUNCTION = YES;
				GCC_WARN_UNUSED_VARIABLE = YES;
				IPHONEOS_DEPLOYMENT_TARGET = 11.2;
				MTL_ENABLE_DEBUG_INFO = YES;
				ONLY_ACTIVE_ARCH = YES;
				SDKROOT = iphoneos;
				SWIFT_ACTIVE_COMPILATION_CONDITIONS = DEBUG;
				SWIFT_OPTIMIZATION_LEVEL = "-Onone";
			};
			name = Debug;
		};
		DE9A4F7E20321CFB0095B6BD /* Release */ = {
			isa = XCBuildConfiguration;
			buildSettings = {
				ALWAYS_SEARCH_USER_PATHS = NO;
				CLANG_ANALYZER_NONNULL = YES;
				CLANG_ANALYZER_NUMBER_OBJECT_CONVERSION = YES_AGGRESSIVE;
				CLANG_CXX_LANGUAGE_STANDARD = "gnu++14";
				CLANG_CXX_LIBRARY = "libc++";
				CLANG_ENABLE_MODULES = YES;
				CLANG_ENABLE_OBJC_ARC = YES;
				CLANG_WARN_BLOCK_CAPTURE_AUTORELEASING = YES;
				CLANG_WARN_BOOL_CONVERSION = YES;
				CLANG_WARN_COMMA = YES;
				CLANG_WARN_CONSTANT_CONVERSION = YES;
				CLANG_WARN_DIRECT_OBJC_ISA_USAGE = YES_ERROR;
				CLANG_WARN_DOCUMENTATION_COMMENTS = YES;
				CLANG_WARN_EMPTY_BODY = YES;
				CLANG_WARN_ENUM_CONVERSION = YES;
				CLANG_WARN_INFINITE_RECURSION = YES;
				CLANG_WARN_INT_CONVERSION = YES;
				CLANG_WARN_NON_LITERAL_NULL_CONVERSION = YES;
				CLANG_WARN_OBJC_LITERAL_CONVERSION = YES;
				CLANG_WARN_OBJC_ROOT_CLASS = YES_ERROR;
				CLANG_WARN_RANGE_LOOP_ANALYSIS = YES;
				CLANG_WARN_STRICT_PROTOTYPES = YES;
				CLANG_WARN_SUSPICIOUS_MOVE = YES;
				CLANG_WARN_UNGUARDED_AVAILABILITY = YES_AGGRESSIVE;
				CLANG_WARN_UNREACHABLE_CODE = YES;
				CLANG_WARN__DUPLICATE_METHOD_MATCH = YES;
				CODE_SIGN_IDENTITY = "iPhone Developer";
				COPY_PHASE_STRIP = NO;
				DEBUG_INFORMATION_FORMAT = "dwarf-with-dsym";
				ENABLE_NS_ASSERTIONS = NO;
				ENABLE_STRICT_OBJC_MSGSEND = YES;
				GCC_C_LANGUAGE_STANDARD = gnu11;
				GCC_NO_COMMON_BLOCKS = YES;
				GCC_WARN_64_TO_32_BIT_CONVERSION = YES;
				GCC_WARN_ABOUT_RETURN_TYPE = YES_ERROR;
				GCC_WARN_UNDECLARED_SELECTOR = YES;
				GCC_WARN_UNINITIALIZED_AUTOS = YES_AGGRESSIVE;
				GCC_WARN_UNUSED_FUNCTION = YES;
				GCC_WARN_UNUSED_VARIABLE = YES;
				IPHONEOS_DEPLOYMENT_TARGET = 11.2;
				MTL_ENABLE_DEBUG_INFO = NO;
				SDKROOT = iphoneos;
				SWIFT_OPTIMIZATION_LEVEL = "-Owholemodule";
				VALIDATE_PRODUCT = YES;
			};
			name = Release;
		};
		DE9A4F8020321CFB0095B6BD /* Debug */ = {
			isa = XCBuildConfiguration;
			baseConfigurationReference = B3E549E040C996C919D5FDF5 /* Pods-Todo.debug.xcconfig */;
			buildSettings = {
				ASSETCATALOG_COMPILER_APPICON_NAME = AppIcon;
				CODE_SIGN_STYLE = Automatic;
				INFOPLIST_FILE = Todo/Info.plist;
				LD_RUNPATH_SEARCH_PATHS = "$(inherited) @executable_path/Frameworks";
				PRODUCT_BUNDLE_IDENTIFIER = info.alexeidudarev.Todo;
				PRODUCT_NAME = "$(TARGET_NAME)";
				SWIFT_VERSION = 4.0;
				TARGETED_DEVICE_FAMILY = 1;
			};
			name = Debug;
		};
		DE9A4F8120321CFB0095B6BD /* Release */ = {
			isa = XCBuildConfiguration;
			baseConfigurationReference = A311806BBEC3E06F23D7FCDF /* Pods-Todo.release.xcconfig */;
			buildSettings = {
				ASSETCATALOG_COMPILER_APPICON_NAME = AppIcon;
				CODE_SIGN_STYLE = Automatic;
				INFOPLIST_FILE = Todo/Info.plist;
				LD_RUNPATH_SEARCH_PATHS = "$(inherited) @executable_path/Frameworks";
				PRODUCT_BUNDLE_IDENTIFIER = info.alexeidudarev.Todo;
				PRODUCT_NAME = "$(TARGET_NAME)";
				SWIFT_VERSION = 4.0;
				TARGETED_DEVICE_FAMILY = 1;
			};
			name = Release;
		};
/* End XCBuildConfiguration section */

/* Begin XCConfigurationList section */
		DE9A4F6820321CFB0095B6BD /* Build configuration list for PBXProject "Todo" */ = {
			isa = XCConfigurationList;
			buildConfigurations = (
				DE9A4F7D20321CFB0095B6BD /* Debug */,
				DE9A4F7E20321CFB0095B6BD /* Release */,
			);
			defaultConfigurationIsVisible = 0;
			defaultConfigurationName = Release;
		};
		DE9A4F7F20321CFB0095B6BD /* Build configuration list for PBXNativeTarget "Todo" */ = {
			isa = XCConfigurationList;
			buildConfigurations = (
				DE9A4F8020321CFB0095B6BD /* Debug */,
				DE9A4F8120321CFB0095B6BD /* Release */,
			);
			defaultConfigurationIsVisible = 0;
			defaultConfigurationName = Release;
		};
/* End XCConfigurationList section */
	};
	rootObject = DE9A4F6520321CFB0095B6BD /* Project object */;
}
